
Microsoft Visual Studio Solution File, Format Version 12.00
# Visual Studio Version 17
VisualStudioVersion = 17.9.34714.143
MinimumVisualStudioVersion = 10.0.40219.1
Project("{FAE04EC0-301F-11D3-BF4B-00C04F79EFBC}") = "Spirala", "Spirala.csproj", "{B87205C8-5E2C-4660-A815-5BF4D90AA6EB}"
EndProject
Global
	GlobalSection(SolutionConfigurationPlatforms) = preSolution
		Debug|Any CPU = Debug|Any CPU
		Release|Any CPU = Release|Any CPU
	EndGlobalSection
	GlobalSection(ProjectConfigurationPlatforms) = postSolution
		{B87205C8-5E2C-4660-A815-5BF4D90AA6EB}.Debug|Any CPU.ActiveCfg = Debug|Any CPU
		{B87205C8-5E2C-4660-A815-5BF4D90AA6EB}.Debug|Any CPU.Build.0 = Debug|Any CPU
		{B87205C8-5E2C-4660-A815-5BF4D90AA6EB}.Release|Any CPU.ActiveCfg = Release|Any CPU
		{B87205C8-5E2C-4660-A815-5BF4D90AA6EB}.Release|Any CPU.Build.0 = Release|Any CPU
	EndGlobalSection
	GlobalSection(SolutionProperties) = preSolution
		HideSolutionNode = FALSE
	EndGlobalSection
	GlobalSection(ExtensibilityGlobals) = postSolution
		SolutionGuid = {2D320FC9-12DB-49C0-B30B-3F437244BA13}
	EndGlobalSection
EndGlobal
